
Microsoft Visual Studio Solution File, Format Version 12.00
# Visual Studio Version 17
VisualStudioVersion = 17.7.34031.279
MinimumVisualStudioVersion = 10.0.40219.1
Project("{FAE04EC0-301F-11D3-BF4B-00C04F79EFBC}") = "COP2660Exam2AM", "COP2660Exam2AM.csproj", "{25F399E9-EBE1-4844-AF19-F384721F607A}"
EndProject
Global
	GlobalSection(SolutionConfigurationPlatforms) = preSolution
		Debug|Any CPU = Debug|Any CPU
		Release|Any CPU = Release|Any CPU
	EndGlobalSection
	GlobalSection(ProjectConfigurationPlatforms) = postSolution
		{25F399E9-EBE1-4844-AF19-F384721F607A}.Debug|Any CPU.ActiveCfg = Debug|Any CPU
		{25F399E9-EBE1-4844-AF19-F384721F607A}.Debug|Any CPU.Build.0 = Debug|Any CPU
		{25F399E9-EBE1-4844-AF19-F384721F607A}.Debug|Any CPU.Deploy.0 = Debug|Any CPU
		{25F399E9-EBE1-4844-AF19-F384721F607A}.Release|Any CPU.ActiveCfg = Release|Any CPU
		{25F399E9-EBE1-4844-AF19-F384721F607A}.Release|Any CPU.Build.0 = Release|Any CPU
		{25F399E9-EBE1-4844-AF19-F384721F607A}.Release|Any CPU.Deploy.0 = Release|Any CPU
	EndGlobalSection
	GlobalSection(SolutionProperties) = preSolution
		HideSolutionNode = FALSE
	EndGlobalSection
	GlobalSection(ExtensibilityGlobals) = postSolution
		SolutionGuid = {22CE89EB-8E86-4AAA-A6E7-EEDD853BF4C2}
	EndGlobalSection
EndGlobal
